
Microsoft Visual Studio Solution File, Format Version 12.00
# Visual Studio Version 16
VisualStudioVersion = 16.0.31112.23
MinimumVisualStudioVersion = 10.0.40219.1
Project("{8BC9CEB8-8B4A-11D0-8D11-00A0C91BC942}") = "boj_14716", "boj_14716\boj_14716.vcxproj", "{66715022-CC23-4955-B29F-055BB3005C2C}"
EndProject
Project("{8BC9CEB8-8B4A-11D0-8D11-00A0C91BC942}") = "boj_16508", "boj_16508\boj_16508.vcxproj", "{B75F73A9-A9A6-4697-874C-435A17559FC2}"
EndProject
Project("{8BC9CEB8-8B4A-11D0-8D11-00A0C91BC942}") = "boj_2178", "boj_2178\boj_2178.vcxproj", "{3220863A-599A-4991-A120-F25F43AFE82D}"
EndProject
Project("{8BC9CEB8-8B4A-11D0-8D11-00A0C91BC942}") = "boj_1449", "boj_1449\boj_1449.vcxproj", "{3F409C70-5174-4CA5-8664-1C7EF21D09A6}"
EndProject
Global
	GlobalSection(SolutionConfigurationPlatforms) = preSolution
		Debug|x64 = Debug|x64
		Debug|x86 = Debug|x86
		Release|x64 = Release|x64
		Release|x86 = Release|x86
	EndGlobalSection
	GlobalSection(ProjectConfigurationPlatforms) = postSolution
		{66715022-CC23-4955-B29F-055BB3005C2C}.Debug|x64.ActiveCfg = Debug|x64
		{66715022-CC23-4955-B29F-055BB3005C2C}.Debug|x64.Build.0 = Debug|x64
		{66715022-CC23-4955-B29F-055BB3005C2C}.Debug|x86.ActiveCfg = Debug|Win32
		{66715022-CC23-4955-B29F-055BB3005C2C}.Debug|x86.Build.0 = Debug|Win32
		{66715022-CC23-4955-B29F-055BB3005C2C}.Release|x64.ActiveCfg = Release|x64
		{66715022-CC23-4955-B29F-055BB3005C2C}.Release|x64.Build.0 = Release|x64
		{66715022-CC23-4955-B29F-055BB3005C2C}.Release|x86.ActiveCfg = Release|Win32
		{66715022-CC23-4955-B29F-055BB3005C2C}.Release|x86.Build.0 = Release|Win32
		{B75F73A9-A9A6-4697-874C-435A17559FC2}.Debug|x64.ActiveCfg = Debug|x64
		{B75F73A9-A9A6-4697-874C-435A17559FC2}.Debug|x64.Build.0 = Debug|x64
		{B75F73A9-A9A6-4697-874C-435A17559FC2}.Debug|x86.ActiveCfg = Debug|Win32
		{B75F73A9-A9A6-4697-874C-435A17559FC2}.Debug|x86.Build.0 = Debug|Win32
		{B75F73A9-A9A6-4697-874C-435A17559FC2}.Release|x64.ActiveCfg = Release|x64
		{B75F73A9-A9A6-4697-874C-435A17559FC2}.Release|x64.Build.0 = Release|x64
		{B75F73A9-A9A6-4697-874C-435A17559FC2}.Release|x86.ActiveCfg = Release|Win32
		{B75F73A9-A9A6-4697-874C-435A17559FC2}.Release|x86.Build.0 = Release|Win32
		{3220863A-599A-4991-A120-F25F43AFE82D}.Debug|x64.ActiveCfg = Debug|x64
		{3220863A-599A-4991-A120-F25F43AFE82D}.Debug|x64.Build.0 = Debug|x64
		{3220863A-599A-4991-A120-F25F43AFE82D}.Debug|x86.ActiveCfg = Debug|Win32
		{3220863A-599A-4991-A120-F25F43AFE82D}.Debug|x86.Build.0 = Debug|Win32
		{3220863A-599A-4991-A120-F25F43AFE82D}.Release|x64.ActiveCfg = Release|x64
		{3220863A-599A-4991-A120-F25F43AFE82D}.Release|x64.Build.0 = Release|x64
		{3220863A-599A-4991-A120-F25F43AFE82D}.Release|x86.ActiveCfg = Release|Win32
		{3220863A-599A-4991-A120-F25F43AFE82D}.Release|x86.Build.0 = Release|Win32
		{3F409C70-5174-4CA5-8664-1C7EF21D09A6}.Debug|x64.ActiveCfg = Debug|x64
		{3F409C70-5174-4CA5-8664-1C7EF21D09A6}.Debug|x64.Build.0 = Debug|x64
		{3F409C70-5174-4CA5-8664-1C7EF21D09A6}.Debug|x86.ActiveCfg = Debug|Win32
		{3F409C70-5174-4CA5-8664-1C7EF21D09A6}.Debug|x86.Build.0 = Debug|Win32
		{3F409C70-5174-4CA5-8664-1C7EF21D09A6}.Release|x64.ActiveCfg = Release|x64
		{3F409C70-5174-4CA5-8664-1C7EF21D09A6}.Release|x64.Build.0 = Release|x64
		{3F409C70-5174-4CA5-8664-1C7EF21D09A6}.Release|x86.ActiveCfg = Release|Win32
		{3F409C70-5174-4CA5-8664-1C7EF21D09A6}.Release|x86.Build.0 = Release|Win32
	EndGlobalSection
	GlobalSection(SolutionProperties) = preSolution
		HideSolutionNode = FALSE
	EndGlobalSection
	GlobalSection(ExtensibilityGlobals) = postSolution
		SolutionGuid = {B4B6E4BB-D23E-4847-94C2-4AB6D62A6DD8}
	EndGlobalSection
EndGlobal
