
Microsoft Visual Studio Solution File, Format Version 12.00
# Visual Studio Version 17
VisualStudioVersion = 17.0.31612.314
MinimumVisualStudioVersion = 10.0.40219.1
Project("{8BC9CEB8-8B4A-11D0-8D11-00A0C91BC942}") = "boj_11050", "boj_11050\boj_11050.vcxproj", "{67F10931-D7C9-4DC8-AF0B-2B07BF7F5F52}"
EndProject
Global
	GlobalSection(SolutionConfigurationPlatforms) = preSolution
		Debug|x64 = Debug|x64
		Debug|x86 = Debug|x86
		Release|x64 = Release|x64
		Release|x86 = Release|x86
	EndGlobalSection
	GlobalSection(ProjectConfigurationPlatforms) = postSolution
		{67F10931-D7C9-4DC8-AF0B-2B07BF7F5F52}.Debug|x64.ActiveCfg = Debug|x64
		{67F10931-D7C9-4DC8-AF0B-2B07BF7F5F52}.Debug|x64.Build.0 = Debug|x64
		{67F10931-D7C9-4DC8-AF0B-2B07BF7F5F52}.Debug|x86.ActiveCfg = Debug|Win32
		{67F10931-D7C9-4DC8-AF0B-2B07BF7F5F52}.Debug|x86.Build.0 = Debug|Win32
		{67F10931-D7C9-4DC8-AF0B-2B07BF7F5F52}.Release|x64.ActiveCfg = Release|x64
		{67F10931-D7C9-4DC8-AF0B-2B07BF7F5F52}.Release|x64.Build.0 = Release|x64
		{67F10931-D7C9-4DC8-AF0B-2B07BF7F5F52}.Release|x86.ActiveCfg = Release|Win32
		{67F10931-D7C9-4DC8-AF0B-2B07BF7F5F52}.Release|x86.Build.0 = Release|Win32
	EndGlobalSection
	GlobalSection(SolutionProperties) = preSolution
		HideSolutionNode = FALSE
	EndGlobalSection
	GlobalSection(ExtensibilityGlobals) = postSolution
		SolutionGuid = {E292F5F6-28CE-4291-92DA-223AE4C6436E}
	EndGlobalSection
EndGlobal
