
Microsoft Visual Studio Solution File, Format Version 12.00
# Visual Studio Version 16
VisualStudioVersion = 16.0.31005.135
MinimumVisualStudioVersion = 10.0.40219.1
Project("{8BC9CEB8-8B4A-11D0-8D11-00A0C91BC942}") = "boj_10026", "boj_10026\boj_10026.vcxproj", "{C1A210B3-E602-4078-A32B-B5B614F1BCFF}"
EndProject
Project("{8BC9CEB8-8B4A-11D0-8D11-00A0C91BC942}") = "boj_1205", "boj_1205\boj_1205.vcxproj", "{4FBD86C5-315F-4831-9A00-6589F7B7C692}"
EndProject
Project("{8BC9CEB8-8B4A-11D0-8D11-00A0C91BC942}") = "boj_2583", "boj_2583\boj_2583.vcxproj", "{3D62E0A7-C748-448E-AEB0-796736D4C312}"
EndProject
Project("{8BC9CEB8-8B4A-11D0-8D11-00A0C91BC942}") = "boj_2816", "boj_2816\boj_2816.vcxproj", "{2440712E-5020-4FC6-8069-BB68EF613F9F}"
EndProject
Global
	GlobalSection(SolutionConfigurationPlatforms) = preSolution
		Debug|x64 = Debug|x64
		Debug|x86 = Debug|x86
		Release|x64 = Release|x64
		Release|x86 = Release|x86
	EndGlobalSection
	GlobalSection(ProjectConfigurationPlatforms) = postSolution
		{C1A210B3-E602-4078-A32B-B5B614F1BCFF}.Debug|x64.ActiveCfg = Debug|x64
		{C1A210B3-E602-4078-A32B-B5B614F1BCFF}.Debug|x64.Build.0 = Debug|x64
		{C1A210B3-E602-4078-A32B-B5B614F1BCFF}.Debug|x86.ActiveCfg = Debug|Win32
		{C1A210B3-E602-4078-A32B-B5B614F1BCFF}.Debug|x86.Build.0 = Debug|Win32
		{C1A210B3-E602-4078-A32B-B5B614F1BCFF}.Release|x64.ActiveCfg = Release|x64
		{C1A210B3-E602-4078-A32B-B5B614F1BCFF}.Release|x64.Build.0 = Release|x64
		{C1A210B3-E602-4078-A32B-B5B614F1BCFF}.Release|x86.ActiveCfg = Release|Win32
		{C1A210B3-E602-4078-A32B-B5B614F1BCFF}.Release|x86.Build.0 = Release|Win32
		{4FBD86C5-315F-4831-9A00-6589F7B7C692}.Debug|x64.ActiveCfg = Debug|x64
		{4FBD86C5-315F-4831-9A00-6589F7B7C692}.Debug|x64.Build.0 = Debug|x64
		{4FBD86C5-315F-4831-9A00-6589F7B7C692}.Debug|x86.ActiveCfg = Debug|Win32
		{4FBD86C5-315F-4831-9A00-6589F7B7C692}.Debug|x86.Build.0 = Debug|Win32
		{4FBD86C5-315F-4831-9A00-6589F7B7C692}.Release|x64.ActiveCfg = Release|x64
		{4FBD86C5-315F-4831-9A00-6589F7B7C692}.Release|x64.Build.0 = Release|x64
		{4FBD86C5-315F-4831-9A00-6589F7B7C692}.Release|x86.ActiveCfg = Release|Win32
		{4FBD86C5-315F-4831-9A00-6589F7B7C692}.Release|x86.Build.0 = Release|Win32
		{3D62E0A7-C748-448E-AEB0-796736D4C312}.Debug|x64.ActiveCfg = Debug|x64
		{3D62E0A7-C748-448E-AEB0-796736D4C312}.Debug|x64.Build.0 = Debug|x64
		{3D62E0A7-C748-448E-AEB0-796736D4C312}.Debug|x86.ActiveCfg = Debug|Win32
		{3D62E0A7-C748-448E-AEB0-796736D4C312}.Debug|x86.Build.0 = Debug|Win32
		{3D62E0A7-C748-448E-AEB0-796736D4C312}.Release|x64.ActiveCfg = Release|x64
		{3D62E0A7-C748-448E-AEB0-796736D4C312}.Release|x64.Build.0 = Release|x64
		{3D62E0A7-C748-448E-AEB0-796736D4C312}.Release|x86.ActiveCfg = Release|Win32
		{3D62E0A7-C748-448E-AEB0-796736D4C312}.Release|x86.Build.0 = Release|Win32
		{2440712E-5020-4FC6-8069-BB68EF613F9F}.Debug|x64.ActiveCfg = Debug|x64
		{2440712E-5020-4FC6-8069-BB68EF613F9F}.Debug|x64.Build.0 = Debug|x64
		{2440712E-5020-4FC6-8069-BB68EF613F9F}.Debug|x86.ActiveCfg = Debug|Win32
		{2440712E-5020-4FC6-8069-BB68EF613F9F}.Debug|x86.Build.0 = Debug|Win32
		{2440712E-5020-4FC6-8069-BB68EF613F9F}.Release|x64.ActiveCfg = Release|x64
		{2440712E-5020-4FC6-8069-BB68EF613F9F}.Release|x64.Build.0 = Release|x64
		{2440712E-5020-4FC6-8069-BB68EF613F9F}.Release|x86.ActiveCfg = Release|Win32
		{2440712E-5020-4FC6-8069-BB68EF613F9F}.Release|x86.Build.0 = Release|Win32
	EndGlobalSection
	GlobalSection(SolutionProperties) = preSolution
		HideSolutionNode = FALSE
	EndGlobalSection
	GlobalSection(ExtensibilityGlobals) = postSolution
		SolutionGuid = {EB935603-FD78-4098-852D-F6011BEB9C70}
	EndGlobalSection
EndGlobal
